
Microsoft Visual Studio Solution File, Format Version 12.00
# Visual Studio 15
VisualStudioVersion = 15.0.27703.2035
MinimumVisualStudioVersion = 10.0.40219.1
Project("{FAE04EC0-301F-11D3-BF4B-00C04F79EFBC}") = "CRMnAppMVC", "CRMnAppMVC\CRMnAppMVC.csproj", "{059713C2-B175-4265-99F9-35EC0BBCBB27}"
EndProject
Global
	GlobalSection(SolutionConfigurationPlatforms) = preSolution
		Debug|Any CPU = Debug|Any CPU
		Release|Any CPU = Release|Any CPU
	EndGlobalSection
	GlobalSection(ProjectConfigurationPlatforms) = postSolution
		{059713C2-B175-4265-99F9-35EC0BBCBB27}.Debug|Any CPU.ActiveCfg = Debug|Any CPU
		{059713C2-B175-4265-99F9-35EC0BBCBB27}.Debug|Any CPU.Build.0 = Debug|Any CPU
		{059713C2-B175-4265-99F9-35EC0BBCBB27}.Release|Any CPU.ActiveCfg = Release|Any CPU
		{059713C2-B175-4265-99F9-35EC0BBCBB27}.Release|Any CPU.Build.0 = Release|Any CPU
	EndGlobalSection
	GlobalSection(SolutionProperties) = preSolution
		HideSolutionNode = FALSE
	EndGlobalSection
	GlobalSection(ExtensibilityGlobals) = postSolution
		SolutionGuid = {40B31E5F-35DF-421A-8CA7-38EA56A6BE75}
	EndGlobalSection
EndGlobal
